
Microsoft Visual Studio Solution File, Format Version 12.00
# Visual Studio Version 16
VisualStudioVersion = 16.0.31402.337
MinimumVisualStudioVersion = 10.0.40219.1
Project("{FAE04EC0-301F-11D3-BF4B-00C04F79EFBC}") = "segundaConsola.consola", "segundaConsola.consola\segundaConsola.consola.csproj", "{9CA53398-72CE-4151-87D2-37EA9FACB233}"
EndProject
Global
	GlobalSection(SolutionConfigurationPlatforms) = preSolution
		Debug|Any CPU = Debug|Any CPU
		Release|Any CPU = Release|Any CPU
	EndGlobalSection
	GlobalSection(ProjectConfigurationPlatforms) = postSolution
		{9CA53398-72CE-4151-87D2-37EA9FACB233}.Debug|Any CPU.ActiveCfg = Debug|Any CPU
		{9CA53398-72CE-4151-87D2-37EA9FACB233}.Debug|Any CPU.Build.0 = Debug|Any CPU
		{9CA53398-72CE-4151-87D2-37EA9FACB233}.Release|Any CPU.ActiveCfg = Release|Any CPU
		{9CA53398-72CE-4151-87D2-37EA9FACB233}.Release|Any CPU.Build.0 = Release|Any CPU
	EndGlobalSection
	GlobalSection(SolutionProperties) = preSolution
		HideSolutionNode = FALSE
	EndGlobalSection
	GlobalSection(ExtensibilityGlobals) = postSolution
		SolutionGuid = {86B15B2F-571D-4FDE-AE4E-220D585D4100}
	EndGlobalSection
EndGlobal
